{
  "requires": true,
  "lockfileVersion": 1,
  "dependencies": {
    "vue-router": {
      "version": "4.0.3",
      "resolved": "https://registry.npmmirror.com/vue-router/-/vue-router-4.0.3.tgz",
      "integrity": "sha512-AD1OjtVPyQHTSpoRsEGfPpxRQwhAhxcacOYO3zJ3KNkYP/r09mileSp6kdMQKhZWP2cFsPR3E2M3PZguSN5/ww=="
    }
  }
}
