# THIS IS AN AUTOGENERATED FILE. DO NOT EDIT THIS FILE DIRECTLY.
# yarn lockfile v1


vue-router@4.0.0:
  version "4.0.0"
  resolved "https://registry.npmmirror.com/vue-router/-/vue-router-4.0.0.tgz#1fbf642ec66a6b06305af288b70cc2ad6ff2b9d3"
  integrity sha512-RiAsDsSV73TBqppgpAKghb5exHHKsFuTii7hbhj9QHjWJNDE4lBDTr7bVALG9DH9vVcFI+7PUTBGYbytBFsWsQ==
